# THIS IS AN AUTOGENERATED FILE. DO NOT EDIT THIS FILE DIRECTLY.
# yarn lockfile v1


leaflet-contextmenu@^1.4.0:
  version "1.4.0"
  resolved "https://registry.yarnpkg.com/leaflet-contextmenu/-/leaflet-contextmenu-1.4.0.tgz#e2bda481af1026080eabaa32997e531fd44f605c"
  integrity sha1-4r2kga8QJggOq6oymX5TH9RPYFw=

leaflet-extra-markers@^1.1.0:
  version "1.1.0"
  resolved "https://registry.yarnpkg.com/leaflet-extra-markers/-/leaflet-extra-markers-1.1.0.tgz#df1cec315ed05f0fdcc9191a7c3abc9996710958"
  integrity sha512-yTjHfpnyjfN4sogXSA4W8qz9M/m6z1oe3y8k3/Bi+w8E4i3uXRv5I/pPzgU5QjqjvH6iLAT+4zcDnPd/UVwlfg==

leaflet-groupedlayercontrol@^0.6.1:
  version "0.6.1"
  resolved "https://registry.yarnpkg.com/leaflet-groupedlayercontrol/-/leaflet-groupedlayercontrol-0.6.1.tgz#cb7097c798c6b4dee644e8ab84c0e70b6a3e1caa"
  integrity sha1-y3CXx5jGtN7mROirhMDnC2o+HKo=
  dependencies:
    leaflet "^1.0.1"

leaflet.gridlayer.googlemutant@^0.8.0:
  version "0.8.0"
  resolved "https://registry.yarnpkg.com/leaflet.gridlayer.googlemutant/-/leaflet.gridlayer.googlemutant-0.8.0.tgz#9636630cb669577f5bc55ff171dd0a3cc44ece1e"
  integrity sha512-Ain+jgDKRhlM6qNDDj2QFJa9vXUqV096N0PmpHO3DoNLS4I7EynTQCJXN+9qY4C51ZpV4Q4CI+apNv5XiP5aUA==

leaflet.locatecontrol@^0.67.0:
  version "0.67.0"
  resolved "https://registry.yarnpkg.com/leaflet.locatecontrol/-/leaflet.locatecontrol-0.67.0.tgz#adfeebfd662f61d639a5a5fba362368579f8ac55"
  integrity sha512-3R8jYBwYyXc5Ka7bZvx6naWUvfmJTGJfZ2o/ZWombhCK7NkOxEpwFA3bhW9/BRZ99cLyjeNuLUaLwcPrMKYrjA==

leaflet@^1.0.1, leaflet@^1.5.1:
  version "1.5.1"
  resolved "https://registry.yarnpkg.com/leaflet/-/leaflet-1.5.1.tgz#9afb9d963d66c870066b1342e7a06f92840f46bf"
  integrity sha512-ekM9KAeG99tYisNBg0IzEywAlp0hYI5XRipsqRXyRTeuU8jcuntilpp+eFf5gaE0xubc9RuSNIVtByEKwqFV0w==

mgrs@1.0.0:
  version "1.0.0"
  resolved "https://registry.yarnpkg.com/mgrs/-/mgrs-1.0.0.tgz#fb91588e78c90025672395cb40b25f7cd6ad1829"
  integrity sha1-+5FYjnjJACVnI5XLQLJffNatGCk=

proj4@^2.3.14, proj4@^2.5.0:
  version "2.5.0"
  resolved "https://registry.yarnpkg.com/proj4/-/proj4-2.5.0.tgz#e3a88ce7e7a07221aaccbc6760dd2eafee745f03"
  integrity sha512-XZTRT7OPdLzgvtTqL8DG2cEj8lYdovztOwiwpwRSYayOty5Ipf3H68dh/fiL+HKDEyetmQSMhkkMGiJoyziz3w==
  dependencies:
    mgrs "1.0.0"
    wkt-parser "^1.2.0"

proj4leaflet@^1.0.2:
  version "1.0.2"
  resolved "https://registry.yarnpkg.com/proj4leaflet/-/proj4leaflet-1.0.2.tgz#dec59f1e8a77a1682e320673e1e56f4161714d2a"
  integrity sha512-6GdDeUlhX/tHUiMEj80xQhlPjwrXcdfD0D5OBymY8WvxfbmZcdhNqQk7n7nFf53ue6QdP9ls9ZPjsAxnbZDTsw==
  dependencies:
    proj4 "^2.3.14"

wkt-parser@^1.2.0:
  version "1.2.3"
  resolved "https://registry.yarnpkg.com/wkt-parser/-/wkt-parser-1.2.3.tgz#240fe1dacc816bfe5674b66180041059eaa9a9ba"
  integrity sha512-s7zrOedGuHbbzMaQOuf8HacuCYp3LmmrHjkkN//7UEAzsYz7xJ6J+j/84ZWZkQcrRqi3xXyuc4odPHj7PEB0bw==
